
Microsoft Visual Studio Solution File, Format Version 12.00
Project("{FAE04EC0-301F-11D3-BF4B-00C04F79EFBC}") = "DrawGeoFigures", "DrawGeoFigures\DrawGeoFigures.csproj", "{04FD05A1-43FA-4E3D-B6CB-0AAD4FD8E28D}"
EndProject
Global
	GlobalSection(SolutionConfigurationPlatforms) = preSolution
		Debug|Any CPU = Debug|Any CPU
		Release|Any CPU = Release|Any CPU
	EndGlobalSection
	GlobalSection(ProjectConfigurationPlatforms) = postSolution
		{04FD05A1-43FA-4E3D-B6CB-0AAD4FD8E28D}.Debug|Any CPU.ActiveCfg = Debug|Any CPU
		{04FD05A1-43FA-4E3D-B6CB-0AAD4FD8E28D}.Debug|Any CPU.Build.0 = Debug|Any CPU
		{04FD05A1-43FA-4E3D-B6CB-0AAD4FD8E28D}.Release|Any CPU.ActiveCfg = Release|Any CPU
		{04FD05A1-43FA-4E3D-B6CB-0AAD4FD8E28D}.Release|Any CPU.Build.0 = Release|Any CPU
	EndGlobalSection
EndGlobal
